
Microsoft Visual Studio Solution File, Format Version 12.00
# Visual Studio Version 16
VisualStudioVersion = 16.0.32002.261
MinimumVisualStudioVersion = 10.0.40219.1
Project("{9A19103F-16F7-4668-BE54-9A1E7A4F7556}") = "Client_Chat", "Client_Chat\Client_Chat.csproj", "{FA8FB599-5044-43E7-9F0A-6A89F287E5B1}"
EndProject
Project("{FAE04EC0-301F-11D3-BF4B-00C04F79EFBC}") = "Server_Chat", "Server_Chat\Server_Chat.csproj", "{938F1061-1246-4B4D-BEF3-EFE76E809D31}"
EndProject
Global
	GlobalSection(SolutionConfigurationPlatforms) = preSolution
		Debug|Any CPU = Debug|Any CPU
		Release|Any CPU = Release|Any CPU
	EndGlobalSection
	GlobalSection(ProjectConfigurationPlatforms) = postSolution
		{FA8FB599-5044-43E7-9F0A-6A89F287E5B1}.Debug|Any CPU.ActiveCfg = Debug|Any CPU
		{FA8FB599-5044-43E7-9F0A-6A89F287E5B1}.Debug|Any CPU.Build.0 = Debug|Any CPU
		{FA8FB599-5044-43E7-9F0A-6A89F287E5B1}.Release|Any CPU.ActiveCfg = Release|Any CPU
		{FA8FB599-5044-43E7-9F0A-6A89F287E5B1}.Release|Any CPU.Build.0 = Release|Any CPU
		{938F1061-1246-4B4D-BEF3-EFE76E809D31}.Debug|Any CPU.ActiveCfg = Debug|Any CPU
		{938F1061-1246-4B4D-BEF3-EFE76E809D31}.Debug|Any CPU.Build.0 = Debug|Any CPU
		{938F1061-1246-4B4D-BEF3-EFE76E809D31}.Release|Any CPU.ActiveCfg = Release|Any CPU
		{938F1061-1246-4B4D-BEF3-EFE76E809D31}.Release|Any CPU.Build.0 = Release|Any CPU
	EndGlobalSection
	GlobalSection(SolutionProperties) = preSolution
		HideSolutionNode = FALSE
	EndGlobalSection
	GlobalSection(ExtensibilityGlobals) = postSolution
		SolutionGuid = {BD6883D5-8089-42D7-8CC0-196F2023D1C2}
	EndGlobalSection
EndGlobal
